// !$*UTF8*$!
{
	archiveVersion = 1;
	classes = {
	};
	objectVersion = 46;
	objects = {

/* Begin PBXBuildFile section */
		417FC4251BC80CB40034FA79 /* AppDelegate.swift in Sources */ = {isa = PBXBuildFile; fileRef = 417FC4241BC80CB40034FA79 /* AppDelegate.swift */; };
		417FC4271BC80CB40034FA79 /* ViewController.swift in Sources */ = {isa = PBXBuildFile; fileRef = 417FC4261BC80CB40034FA79 /* ViewController.swift */; };
		417FC42A1BC80CB40034FA79 /* Main.storyboard in Resources */ = {isa = PBXBuildFile; fileRef = 417FC4281BC80CB40034FA79 /* Main.storyboard */; };
		417FC42C1BC80CB40034FA79 /* Assets.xcassets in Resources */ = {isa = PBXBuildFile; fileRef = 417FC42B1BC80CB40034FA79 /* Assets.xcassets */; };
		417FC42F1BC80CB40034FA79 /* LaunchScreen.storyboard in Resources */ = {isa = PBXBuildFile; fileRef = 417FC42D1BC80CB40034FA79 /* LaunchScreen.storyboard */; };
		417FC43A1BC80CB40034FA79 /* StudioPrototypeTests.swift in Sources */ = {isa = PBXBuildFile; fileRef = 417FC4391BC80CB40034FA79 /* StudioPrototypeTests.swift */; };
		417FC4451BC80CB50034FA79 /* StudioPrototypeUITests.swift in Sources */ = {isa = PBXBuildFile; fileRef = 417FC4441BC80CB50034FA79 /* StudioPrototypeUITests.swift */; };
		417FC46C1BC890B80034FA79 /* CoreGraphics.framework in Frameworks */ = {isa = PBXBuildFile; fileRef = 417FC46B1BC890B80034FA79 /* CoreGraphics.framework */; };
		417FC46E1BC890BD0034FA79 /* Foundation.framework in Frameworks */ = {isa = PBXBuildFile; fileRef = 417FC46D1BC890BD0034FA79 /* Foundation.framework */; };
		417FC4701BC890C30034FA79 /* UIKit.framework in Frameworks */ = {isa = PBXBuildFile; fileRef = 417FC46F1BC890C30034FA79 /* UIKit.framework */; };
		417FC54D1BC8A1DC0034FA79 /* libmx3_objc.a in Frameworks */ = {isa = PBXBuildFile; fileRef = 417FC5401BC8A17A0034FA79 /* libmx3_objc.a */; };
		417FC54E1BC8A1E40034FA79 /* libmx3.a in Frameworks */ = {isa = PBXBuildFile; fileRef = 417FC53E1BC8A17A0034FA79 /* libmx3.a */; };
		417FC5541BC8ADFB0034FA79 /* libdjinni_objc.a in Frameworks */ = {isa = PBXBuildFile; fileRef = 417FC5531BC8ADFB0034FA79 /* libdjinni_objc.a */; };
		417FC5561BC8AE660034FA79 /* libjson11.a in Frameworks */ = {isa = PBXBuildFile; fileRef = 417FC5551BC8AE660034FA79 /* libjson11.a */; };
		417FC5581BC8AE700034FA79 /* libsqlite3.a in Frameworks */ = {isa = PBXBuildFile; fileRef = 417FC5571BC8AE700034FA79 /* libsqlite3.a */; };
		624961B61A936B1687E34FD4 /* SessionAttendees.swift in Sources */ = {isa = PBXBuildFile; fileRef = 62496868B06F3CE1E6F1AE0A /* SessionAttendees.swift */; };
		624967489C89BB93EF9AF650 /* SessionChats.swift in Sources */ = {isa = PBXBuildFile; fileRef = 6249615F0518F45C0A14DB87 /* SessionChats.swift */; };
		624969FC00ABA1A691B10D00 /* SessionDocuments.swift in Sources */ = {isa = PBXBuildFile; fileRef = 6249633749A6637FD3920AA3 /* SessionDocuments.swift */; };
		62496D5CE24C01D44CC72F4D /* StudioNavigator.swift in Sources */ = {isa = PBXBuildFile; fileRef = 624960C00572CD5C7CEEBB57 /* StudioNavigator.swift */; };
		62496E7AE0C3FD99FBD432C8 /* SessionController.swift in Sources */ = {isa = PBXBuildFile; fileRef = 624969515FC65A9D4E21D723 /* SessionController.swift */; };
/* End PBXBuildFile section */

/* Begin PBXContainerItemProxy section */
		417FC4361BC80CB40034FA79 /* PBXContainerItemProxy */ = {
			isa = PBXContainerItemProxy;
			containerPortal = 417FC4191BC80CB40034FA79 /* Project object */;
			proxyType = 1;
			remoteGlobalIDString = 417FC4201BC80CB40034FA79;
			remoteInfo = StudioPrototype;
		};
		417FC4411BC80CB50034FA79 /* PBXContainerItemProxy */ = {
			isa = PBXContainerItemProxy;
			containerPortal = 417FC4191BC80CB40034FA79 /* Project object */;
			proxyType = 1;
			remoteGlobalIDString = 417FC4201BC80CB40034FA79;
			remoteInfo = StudioPrototype;
		};
		417FC53D1BC8A17A0034FA79 /* PBXContainerItemProxy */ = {
			isa = PBXContainerItemProxy;
			containerPortal = 417FC5331BC8A17A0034FA79 /* mx3.xcodeproj */;
			proxyType = 2;
			remoteGlobalIDString = 92E822B5EA37A89C8AAD9BB4;
			remoteInfo = libmx3;
		};
		417FC53F1BC8A17A0034FA79 /* PBXContainerItemProxy */ = {
			isa = PBXContainerItemProxy;
			containerPortal = 417FC5331BC8A17A0034FA79 /* mx3.xcodeproj */;
			proxyType = 2;
			remoteGlobalIDString = 39EA06E18557EEFB64C5347F;
			remoteInfo = libmx3_objc;
		};
		417FC5411BC8A17A0034FA79 /* PBXContainerItemProxy */ = {
			isa = PBXContainerItemProxy;
			containerPortal = 417FC5331BC8A17A0034FA79 /* mx3.xcodeproj */;
			proxyType = 2;
			remoteGlobalIDString = E7E6BC8A67A80E09A179E565;
			remoteInfo = libmx3_android;
		};
		417FC5431BC8A17A0034FA79 /* PBXContainerItemProxy */ = {
			isa = PBXContainerItemProxy;
			containerPortal = 417FC5331BC8A17A0034FA79 /* mx3.xcodeproj */;
			proxyType = 2;
			remoteGlobalIDString = 6FCBE719222158C1FBFFBADD;
			remoteInfo = play_objc;
		};
		417FC5451BC8A17A0034FA79 /* PBXContainerItemProxy */ = {
			isa = PBXContainerItemProxy;
			containerPortal = 417FC5331BC8A17A0034FA79 /* mx3.xcodeproj */;
			proxyType = 2;
			remoteGlobalIDString = 8E5AC5F54A231F301800298F;
			remoteInfo = test;
		};
		417FC5471BC8A17A0034FA79 /* PBXContainerItemProxy */ = {
			isa = PBXContainerItemProxy;
			containerPortal = 417FC5331BC8A17A0034FA79 /* mx3.xcodeproj */;
			proxyType = 2;
			remoteGlobalIDString = 6BAC259353E52B3A6A573C6F;
			remoteInfo = xctest_runner;
		};
		417FC5591BC8AEAF0034FA79 /* PBXContainerItemProxy */ = {
			isa = PBXContainerItemProxy;
			containerPortal = 417FC5331BC8A17A0034FA79 /* mx3.xcodeproj */;
			proxyType = 1;
			remoteGlobalIDString = 05EB53E0AEA2C8B114F5F0A6;
			remoteInfo = libmx3;
		};
		417FC55B1BC8AEBE0034FA79 /* PBXContainerItemProxy */ = {
			isa = PBXContainerItemProxy;
			containerPortal = 417FC5331BC8A17A0034FA79 /* mx3.xcodeproj */;
			proxyType = 1;
			remoteGlobalIDString = 930F5C277E0446A0EF7CE320;
			remoteInfo = libmx3_objc;
		};
/* End PBXContainerItemProxy section */

/* Begin PBXFileReference section */
		417FC4211BC80CB40034FA79 /* StudioPrototype.app */ = {isa = PBXFileReference; explicitFileType = wrapper.application; includeInIndex = 0; path = StudioPrototype.app; sourceTree = BUILT_PRODUCTS_DIR; };
		417FC4241BC80CB40034FA79 /* AppDelegate.swift */ = {isa = PBXFileReference; lastKnownFileType = sourcecode.swift; path = AppDelegate.swift; sourceTree = "<group>"; };
		417FC4261BC80CB40034FA79 /* ViewController.swift */ = {isa = PBXFileReference; lastKnownFileType = sourcecode.swift; path = ViewController.swift; sourceTree = "<group>"; };
		417FC4291BC80CB40034FA79 /* Base */ = {isa = PBXFileReference; lastKnownFileType = file.storyboard; name = Base; path = Base.lproj/Main.storyboard; sourceTree = "<group>"; };
		417FC42B1BC80CB40034FA79 /* Assets.xcassets */ = {isa = PBXFileReference; lastKnownFileType = folder.assetcatalog; path = Assets.xcassets; sourceTree = "<group>"; };
		417FC42E1BC80CB40034FA79 /* Base */ = {isa = PBXFileReference; lastKnownFileType = file.storyboard; name = Base; path = Base.lproj/LaunchScreen.storyboard; sourceTree = "<group>"; };
		417FC4301BC80CB40034FA79 /* Info.plist */ = {isa = PBXFileReference; lastKnownFileType = text.plist.xml; path = Info.plist; sourceTree = "<group>"; };
		417FC4351BC80CB40034FA79 /* StudioPrototypeTests.xctest */ = {isa = PBXFileReference; explicitFileType = wrapper.cfbundle; includeInIndex = 0; path = StudioPrototypeTests.xctest; sourceTree = BUILT_PRODUCTS_DIR; };
		417FC4391BC80CB40034FA79 /* StudioPrototypeTests.swift */ = {isa = PBXFileReference; lastKnownFileType = sourcecode.swift; path = StudioPrototypeTests.swift; sourceTree = "<group>"; };
		417FC43B1BC80CB40034FA79 /* Info.plist */ = {isa = PBXFileReference; lastKnownFileType = text.plist.xml; path = Info.plist; sourceTree = "<group>"; };
		417FC4401BC80CB50034FA79 /* StudioPrototypeUITests.xctest */ = {isa = PBXFileReference; explicitFileType = wrapper.cfbundle; includeInIndex = 0; path = StudioPrototypeUITests.xctest; sourceTree = BUILT_PRODUCTS_DIR; };
		417FC4441BC80CB50034FA79 /* StudioPrototypeUITests.swift */ = {isa = PBXFileReference; lastKnownFileType = sourcecode.swift; path = StudioPrototypeUITests.swift; sourceTree = "<group>"; };
		417FC4461BC80CB50034FA79 /* Info.plist */ = {isa = PBXFileReference; lastKnownFileType = text.plist.xml; path = Info.plist; sourceTree = "<group>"; };
		417FC4681BC80DFC0034FA79 /* StudioPrototype-Bridging-Header.h */ = {isa = PBXFileReference; lastKnownFileType = sourcecode.c.h; path = "StudioPrototype-Bridging-Header.h"; sourceTree = "<group>"; };
		417FC46B1BC890B80034FA79 /* CoreGraphics.framework */ = {isa = PBXFileReference; lastKnownFileType = wrapper.framework; name = CoreGraphics.framework; path = System/Library/Frameworks/CoreGraphics.framework; sourceTree = SDKROOT; };
		417FC46D1BC890BD0034FA79 /* Foundation.framework */ = {isa = PBXFileReference; lastKnownFileType = wrapper.framework; name = Foundation.framework; path = System/Library/Frameworks/Foundation.framework; sourceTree = SDKROOT; };
		417FC46F1BC890C30034FA79 /* UIKit.framework */ = {isa = PBXFileReference; lastKnownFileType = wrapper.framework; name = UIKit.framework; path = System/Library/Frameworks/UIKit.framework; sourceTree = SDKROOT; };
		417FC4711BC891450034FA79 /* libc++.tbd */ = {isa = PBXFileReference; lastKnownFileType = "sourcecode.text-based-dylib-definition"; name = "libc++.tbd"; path = "usr/lib/libc++.tbd"; sourceTree = SDKROOT; };
		417FC4731BC8918D0034FA79 /* libdjinni_objc.a */ = {isa = PBXFileReference; lastKnownFileType = archive.ar; name = libdjinni_objc.a; path = "../../deps/djinni/support-lib/build/Debug/libdjinni_objc.a"; sourceTree = "<group>"; };
		417FC4751BC891AD0034FA79 /* libjson11.a */ = {isa = PBXFileReference; lastKnownFileType = archive.ar; name = libjson11.a; path = ../../deps/build/Debug/libjson11.a; sourceTree = "<group>"; };
		417FC4761BC891AD0034FA79 /* libsqlite3.a */ = {isa = PBXFileReference; lastKnownFileType = archive.ar; name = libsqlite3.a; path = ../../deps/build/Debug/libsqlite3.a; sourceTree = "<group>"; };
		417FC4791BC892420034FA79 /* libmx3.a */ = {isa = PBXFileReference; lastKnownFileType = archive.ar; name = libmx3.a; path = ../../build/Debug/libmx3.a; sourceTree = "<group>"; };
		417FC47B1BC892600034FA79 /* libmx3_objc.a */ = {isa = PBXFileReference; lastKnownFileType = archive.ar; name = libmx3_objc.a; path = ../../build/Debug/libmx3_objc.a; sourceTree = "<group>"; };
		417FC5331BC8A17A0034FA79 /* mx3.xcodeproj */ = {isa = PBXFileReference; lastKnownFileType = "wrapper.pb-project"; name = mx3.xcodeproj; path = ../../build_ios/mx3.xcodeproj; sourceTree = "<group>"; };
		417FC5531BC8ADFB0034FA79 /* libdjinni_objc.a */ = {isa = PBXFileReference; lastKnownFileType = archive.ar; name = libdjinni_objc.a; path = "../../deps/djinni/support-lib/build/Debug-iphoneos/libdjinni_objc.a"; sourceTree = "<group>"; };
		417FC5551BC8AE660034FA79 /* libjson11.a */ = {isa = PBXFileReference; lastKnownFileType = archive.ar; name = libjson11.a; path = "../../deps/build/Debug-iphoneos/libjson11.a"; sourceTree = "<group>"; };
		417FC5571BC8AE700034FA79 /* libsqlite3.a */ = {isa = PBXFileReference; lastKnownFileType = archive.ar; name = libsqlite3.a; path = "../../deps/build/Debug-iphoneos/libsqlite3.a"; sourceTree = "<group>"; };
		624960C00572CD5C7CEEBB57 /* StudioNavigator.swift */ = {isa = PBXFileReference; fileEncoding = 4; lastKnownFileType = sourcecode.swift; path = StudioNavigator.swift; sourceTree = "<group>"; };
		6249615F0518F45C0A14DB87 /* SessionChats.swift */ = {isa = PBXFileReference; fileEncoding = 4; lastKnownFileType = sourcecode.swift; path = SessionChats.swift; sourceTree = "<group>"; };
		6249633749A6637FD3920AA3 /* SessionDocuments.swift */ = {isa = PBXFileReference; fileEncoding = 4; lastKnownFileType = sourcecode.swift; path = SessionDocuments.swift; sourceTree = "<group>"; };
		62496868B06F3CE1E6F1AE0A /* SessionAttendees.swift */ = {isa = PBXFileReference; fileEncoding = 4; lastKnownFileType = sourcecode.swift; path = SessionAttendees.swift; sourceTree = "<group>"; };
		624969515FC65A9D4E21D723 /* SessionController.swift */ = {isa = PBXFileReference; fileEncoding = 4; lastKnownFileType = sourcecode.swift; path = SessionController.swift; sourceTree = "<group>"; };
/* End PBXFileReference section */

/* Begin PBXFrameworksBuildPhase section */
		417FC41E1BC80CB40034FA79 /* Frameworks */ = {
			isa = PBXFrameworksBuildPhase;
			buildActionMask = 2147483647;
			files = (
				417FC5581BC8AE700034FA79 /* libsqlite3.a in Frameworks */,
				417FC5561BC8AE660034FA79 /* libjson11.a in Frameworks */,
				417FC5541BC8ADFB0034FA79 /* libdjinni_objc.a in Frameworks */,
				417FC54E1BC8A1E40034FA79 /* libmx3.a in Frameworks */,
				417FC54D1BC8A1DC0034FA79 /* libmx3_objc.a in Frameworks */,
				417FC46E1BC890BD0034FA79 /* Foundation.framework in Frameworks */,
				417FC4701BC890C30034FA79 /* UIKit.framework in Frameworks */,
				417FC46C1BC890B80034FA79 /* CoreGraphics.framework in Frameworks */,
			);
			runOnlyForDeploymentPostprocessing = 0;
		};
		417FC4321BC80CB40034FA79 /* Frameworks */ = {
			isa = PBXFrameworksBuildPhase;
			buildActionMask = 2147483647;
			files = (
			);
			runOnlyForDeploymentPostprocessing = 0;
		};
		417FC43D1BC80CB40034FA79 /* Frameworks */ = {
			isa = PBXFrameworksBuildPhase;
			buildActionMask = 2147483647;
			files = (
			);
			runOnlyForDeploymentPostprocessing = 0;
		};
/* End PBXFrameworksBuildPhase section */

/* Begin PBXGroup section */
		417FC4181BC80CB40034FA79 = {
			isa = PBXGroup;
			children = (
				417FC5571BC8AE700034FA79 /* libsqlite3.a */,
				417FC5551BC8AE660034FA79 /* libjson11.a */,
				417FC5531BC8ADFB0034FA79 /* libdjinni_objc.a */,
				417FC5331BC8A17A0034FA79 /* mx3.xcodeproj */,
				417FC47B1BC892600034FA79 /* libmx3_objc.a */,
				417FC4791BC892420034FA79 /* libmx3.a */,
				417FC4751BC891AD0034FA79 /* libjson11.a */,
				417FC4761BC891AD0034FA79 /* libsqlite3.a */,
				417FC4731BC8918D0034FA79 /* libdjinni_objc.a */,
				417FC4711BC891450034FA79 /* libc++.tbd */,
				417FC46F1BC890C30034FA79 /* UIKit.framework */,
				417FC46D1BC890BD0034FA79 /* Foundation.framework */,
				417FC46B1BC890B80034FA79 /* CoreGraphics.framework */,
				417FC4231BC80CB40034FA79 /* StudioPrototype */,
				417FC4381BC80CB40034FA79 /* StudioPrototypeTests */,
				417FC4431BC80CB50034FA79 /* StudioPrototypeUITests */,
				417FC4221BC80CB40034FA79 /* Products */,
			);
			sourceTree = "<group>";
		};
		417FC4221BC80CB40034FA79 /* Products */ = {
			isa = PBXGroup;
			children = (
				417FC4211BC80CB40034FA79 /* StudioPrototype.app */,
				417FC4351BC80CB40034FA79 /* StudioPrototypeTests.xctest */,
				417FC4401BC80CB50034FA79 /* StudioPrototypeUITests.xctest */,
			);
			name = Products;
			sourceTree = "<group>";
		};
		417FC4231BC80CB40034FA79 /* StudioPrototype */ = {
			isa = PBXGroup;
			children = (
				417FC4241BC80CB40034FA79 /* AppDelegate.swift */,
				417FC4261BC80CB40034FA79 /* ViewController.swift */,
				417FC4281BC80CB40034FA79 /* Main.storyboard */,
				417FC42B1BC80CB40034FA79 /* Assets.xcassets */,
				417FC42D1BC80CB40034FA79 /* LaunchScreen.storyboard */,
				417FC4301BC80CB40034FA79 /* Info.plist */,
				417FC4681BC80DFC0034FA79 /* StudioPrototype-Bridging-Header.h */,
				624960C00572CD5C7CEEBB57 /* StudioNavigator.swift */,
				624969515FC65A9D4E21D723 /* SessionController.swift */,
				6249633749A6637FD3920AA3 /* SessionDocuments.swift */,
				62496868B06F3CE1E6F1AE0A /* SessionAttendees.swift */,
				6249615F0518F45C0A14DB87 /* SessionChats.swift */,
			);
			path = StudioPrototype;
			sourceTree = "<group>";
		};
		417FC4381BC80CB40034FA79 /* StudioPrototypeTests */ = {
			isa = PBXGroup;
			children = (
				417FC4391BC80CB40034FA79 /* StudioPrototypeTests.swift */,
				417FC43B1BC80CB40034FA79 /* Info.plist */,
			);
			path = StudioPrototypeTests;
			sourceTree = "<group>";
		};
		417FC4431BC80CB50034FA79 /* StudioPrototypeUITests */ = {
			isa = PBXGroup;
			children = (
				417FC4441BC80CB50034FA79 /* StudioPrototypeUITests.swift */,
				417FC4461BC80CB50034FA79 /* Info.plist */,
			);
			path = StudioPrototypeUITests;
			sourceTree = "<group>";
		};
		417FC5341BC8A17A0034FA79 /* Products */ = {
			isa = PBXGroup;
			children = (
				417FC53E1BC8A17A0034FA79 /* libmx3.a */,
				417FC5401BC8A17A0034FA79 /* libmx3_objc.a */,
				417FC5421BC8A17A0034FA79 /* libmx3_android.dylib */,
				417FC5441BC8A17A0034FA79 /* play_objc */,
				417FC5461BC8A17A0034FA79 /* test */,
				417FC5481BC8A17A0034FA79 /* xctest_runner.xctest */,
			);
			name = Products;
			sourceTree = "<group>";
		};
/* End PBXGroup section */

/* Begin PBXNativeTarget section */
		417FC4201BC80CB40034FA79 /* StudioPrototype */ = {
			isa = PBXNativeTarget;
			buildConfigurationList = 417FC4491BC80CB50034FA79 /* Build configuration list for PBXNativeTarget "StudioPrototype" */;
			buildPhases = (
				417FC41D1BC80CB40034FA79 /* Sources */,
				417FC41E1BC80CB40034FA79 /* Frameworks */,
				417FC41F1BC80CB40034FA79 /* Resources */,
			);
			buildRules = (
			);
			dependencies = (
				417FC55C1BC8AEBE0034FA79 /* PBXTargetDependency */,
				417FC55A1BC8AEAF0034FA79 /* PBXTargetDependency */,
			);
			name = StudioPrototype;
			productName = StudioPrototype;
			productReference = 417FC4211BC80CB40034FA79 /* StudioPrototype.app */;
			productType = "com.apple.product-type.application";
		};
		417FC4341BC80CB40034FA79 /* StudioPrototypeTests */ = {
			isa = PBXNativeTarget;
			buildConfigurationList = 417FC44C1BC80CB50034FA79 /* Build configuration list for PBXNativeTarget "StudioPrototypeTests" */;
			buildPhases = (
				417FC4311BC80CB40034FA79 /* Sources */,
				417FC4321BC80CB40034FA79 /* Frameworks */,
				417FC4331BC80CB40034FA79 /* Resources */,
			);
			buildRules = (
			);
			dependencies = (
				417FC4371BC80CB40034FA79 /* PBXTargetDependency */,
			);
			name = StudioPrototypeTests;
			productName = StudioPrototypeTests;
			productReference = 417FC4351BC80CB40034FA79 /* StudioPrototypeTests.xctest */;
			productType = "com.apple.product-type.bundle.unit-test";
		};
		417FC43F1BC80CB40034FA79 /* StudioPrototypeUITests */ = {
			isa = PBXNativeTarget;
			buildConfigurationList = 417FC44F1BC80CB50034FA79 /* Build configuration list for PBXNativeTarget "StudioPrototypeUITests" */;
			buildPhases = (
				417FC43C1BC80CB40034FA79 /* Sources */,
				417FC43D1BC80CB40034FA79 /* Frameworks */,
				417FC43E1BC80CB40034FA79 /* Resources */,
			);
			buildRules = (
			);
			dependencies = (
				417FC4421BC80CB50034FA79 /* PBXTargetDependency */,
			);
			name = StudioPrototypeUITests;
			productName = StudioPrototypeUITests;
			productReference = 417FC4401BC80CB50034FA79 /* StudioPrototypeUITests.xctest */;
			productType = "com.apple.product-type.bundle.ui-testing";
		};
/* End PBXNativeTarget section */

/* Begin PBXProject section */
		417FC4191BC80CB40034FA79 /* Project object */ = {
			isa = PBXProject;
			attributes = {
				LastSwiftUpdateCheck = 0700;
				LastUpgradeCheck = 0700;
				ORGANIZATIONNAME = "Jonathan Rothberg";
				TargetAttributes = {
					417FC4201BC80CB40034FA79 = {
						CreatedOnToolsVersion = 7.0.1;
					};
					417FC4341BC80CB40034FA79 = {
						CreatedOnToolsVersion = 7.0.1;
						TestTargetID = 417FC4201BC80CB40034FA79;
					};
					417FC43F1BC80CB40034FA79 = {
						CreatedOnToolsVersion = 7.0.1;
						TestTargetID = 417FC4201BC80CB40034FA79;
					};
				};
			};
			buildConfigurationList = 417FC41C1BC80CB40034FA79 /* Build configuration list for PBXProject "StudioPrototype" */;
			compatibilityVersion = "Xcode 3.2";
			developmentRegion = English;
			hasScannedForEncodings = 0;
			knownRegions = (
				en,
				Base,
			);
			mainGroup = 417FC4181BC80CB40034FA79;
			productRefGroup = 417FC4221BC80CB40034FA79 /* Products */;
			projectDirPath = "";
			projectReferences = (
				{
					ProductGroup = 417FC5341BC8A17A0034FA79 /* Products */;
					ProjectRef = 417FC5331BC8A17A0034FA79 /* mx3.xcodeproj */;
				},
			);
			projectRoot = "";
			targets = (
				417FC4201BC80CB40034FA79 /* StudioPrototype */,
				417FC4341BC80CB40034FA79 /* StudioPrototypeTests */,
				417FC43F1BC80CB40034FA79 /* StudioPrototypeUITests */,
			);
		};
/* End PBXProject section */

/* Begin PBXReferenceProxy section */
		417FC53E1BC8A17A0034FA79 /* libmx3.a */ = {
			isa = PBXReferenceProxy;
			fileType = archive.ar;
			path = libmx3.a;
			remoteRef = 417FC53D1BC8A17A0034FA79 /* PBXContainerItemProxy */;
			sourceTree = BUILT_PRODUCTS_DIR;
		};
		417FC5401BC8A17A0034FA79 /* libmx3_objc.a */ = {
			isa = PBXReferenceProxy;
			fileType = archive.ar;
			path = libmx3_objc.a;
			remoteRef = 417FC53F1BC8A17A0034FA79 /* PBXContainerItemProxy */;
			sourceTree = BUILT_PRODUCTS_DIR;
		};
		417FC5421BC8A17A0034FA79 /* libmx3_android.dylib */ = {
			isa = PBXReferenceProxy;
			fileType = "compiled.mach-o.dylib";
			path = libmx3_android.dylib;
			remoteRef = 417FC5411BC8A17A0034FA79 /* PBXContainerItemProxy */;
			sourceTree = BUILT_PRODUCTS_DIR;
		};
		417FC5441BC8A17A0034FA79 /* play_objc */ = {
			isa = PBXReferenceProxy;
			fileType = "compiled.mach-o.executable";
			path = play_objc;
			remoteRef = 417FC5431BC8A17A0034FA79 /* PBXContainerItemProxy */;
			sourceTree = BUILT_PRODUCTS_DIR;
		};
		417FC5461BC8A17A0034FA79 /* test */ = {
			isa = PBXReferenceProxy;
			fileType = "compiled.mach-o.executable";
			path = test;
			remoteRef = 417FC5451BC8A17A0034FA79 /* PBXContainerItemProxy */;
			sourceTree = BUILT_PRODUCTS_DIR;
		};
		417FC5481BC8A17A0034FA79 /* xctest_runner.xctest */ = {
			isa = PBXReferenceProxy;
			fileType = wrapper.cfbundle;
			path = xctest_runner.xctest;
			remoteRef = 417FC5471BC8A17A0034FA79 /* PBXContainerItemProxy */;
			sourceTree = BUILT_PRODUCTS_DIR;
		};
/* End PBXReferenceProxy section */

/* Begin PBXResourcesBuildPhase section */
		417FC41F1BC80CB40034FA79 /* Resources */ = {
			isa = PBXResourcesBuildPhase;
			buildActionMask = 2147483647;
			files = (
				417FC42F1BC80CB40034FA79 /* LaunchScreen.storyboard in Resources */,
				417FC42C1BC80CB40034FA79 /* Assets.xcassets in Resources */,
				417FC42A1BC80CB40034FA79 /* Main.storyboard in Resources */,
			);
			runOnlyForDeploymentPostprocessing = 0;
		};
		417FC4331BC80CB40034FA79 /* Resources */ = {
			isa = PBXResourcesBuildPhase;
			buildActionMask = 2147483647;
			files = (
			);
			runOnlyForDeploymentPostprocessing = 0;
		};
		417FC43E1BC80CB40034FA79 /* Resources */ = {
			isa = PBXResourcesBuildPhase;
			buildActionMask = 2147483647;
			files = (
			);
			runOnlyForDeploymentPostprocessing = 0;
		};
/* End PBXResourcesBuildPhase section */

/* Begin PBXSourcesBuildPhase section */
		417FC41D1BC80CB40034FA79 /* Sources */ = {
			isa = PBXSourcesBuildPhase;
			buildActionMask = 2147483647;
			files = (
				417FC4271BC80CB40034FA79 /* ViewController.swift in Sources */,
				417FC4251BC80CB40034FA79 /* AppDelegate.swift in Sources */,
				62496D5CE24C01D44CC72F4D /* StudioNavigator.swift in Sources */,
				62496E7AE0C3FD99FBD432C8 /* SessionController.swift in Sources */,
				624969FC00ABA1A691B10D00 /* SessionDocuments.swift in Sources */,
				624961B61A936B1687E34FD4 /* SessionAttendees.swift in Sources */,
				624967489C89BB93EF9AF650 /* SessionChats.swift in Sources */,
			);
			runOnlyForDeploymentPostprocessing = 0;
		};
		417FC4311BC80CB40034FA79 /* Sources */ = {
			isa = PBXSourcesBuildPhase;
			buildActionMask = 2147483647;
			files = (
				417FC43A1BC80CB40034FA79 /* StudioPrototypeTests.swift in Sources */,
			);
			runOnlyForDeploymentPostprocessing = 0;
		};
		417FC43C1BC80CB40034FA79 /* Sources */ = {
			isa = PBXSourcesBuildPhase;
			buildActionMask = 2147483647;
			files = (
				417FC4451BC80CB50034FA79 /* StudioPrototypeUITests.swift in Sources */,
			);
			runOnlyForDeploymentPostprocessing = 0;
		};
/* End PBXSourcesBuildPhase section */

/* Begin PBXTargetDependency section */
		417FC4371BC80CB40034FA79 /* PBXTargetDependency */ = {
			isa = PBXTargetDependency;
			target = 417FC4201BC80CB40034FA79 /* StudioPrototype */;
			targetProxy = 417FC4361BC80CB40034FA79 /* PBXContainerItemProxy */;
		};
		417FC4421BC80CB50034FA79 /* PBXTargetDependency */ = {
			isa = PBXTargetDependency;
			target = 417FC4201BC80CB40034FA79 /* StudioPrototype */;
			targetProxy = 417FC4411BC80CB50034FA79 /* PBXContainerItemProxy */;
		};
		417FC55A1BC8AEAF0034FA79 /* PBXTargetDependency */ = {
			isa = PBXTargetDependency;
			name = libmx3;
			targetProxy = 417FC5591BC8AEAF0034FA79 /* PBXContainerItemProxy */;
		};
		417FC55C1BC8AEBE0034FA79 /* PBXTargetDependency */ = {
			isa = PBXTargetDependency;
			name = libmx3_objc;
			targetProxy = 417FC55B1BC8AEBE0034FA79 /* PBXContainerItemProxy */;
		};
/* End PBXTargetDependency section */

/* Begin PBXVariantGroup section */
		417FC4281BC80CB40034FA79 /* Main.storyboard */ = {
			isa = PBXVariantGroup;
			children = (
				417FC4291BC80CB40034FA79 /* Base */,
			);
			name = Main.storyboard;
			sourceTree = "<group>";
		};
		417FC42D1BC80CB40034FA79 /* LaunchScreen.storyboard */ = {
			isa = PBXVariantGroup;
			children = (
				417FC42E1BC80CB40034FA79 /* Base */,
			);
			name = LaunchScreen.storyboard;
			sourceTree = "<group>";
		};
/* End PBXVariantGroup section */

/* Begin XCBuildConfiguration section */
		417FC4471BC80CB50034FA79 /* Debug */ = {
			isa = XCBuildConfiguration;
			buildSettings = {
				ALWAYS_SEARCH_USER_PATHS = NO;
				CLANG_CXX_LANGUAGE_STANDARD = "gnu++0x";
				CLANG_CXX_LIBRARY = "libc++";
				CLANG_ENABLE_MODULES = YES;
				CLANG_ENABLE_OBJC_ARC = YES;
				CLANG_WARN_BOOL_CONVERSION = YES;
				CLANG_WARN_CONSTANT_CONVERSION = YES;
				CLANG_WARN_DIRECT_OBJC_ISA_USAGE = YES_ERROR;
				CLANG_WARN_EMPTY_BODY = YES;
				CLANG_WARN_ENUM_CONVERSION = YES;
				CLANG_WARN_INT_CONVERSION = YES;
				CLANG_WARN_OBJC_ROOT_CLASS = YES_ERROR;
				CLANG_WARN_UNREACHABLE_CODE = YES;
				CLANG_WARN__DUPLICATE_METHOD_MATCH = YES;
				"CODE_SIGN_IDENTITY[sdk=iphoneos*]" = "iPhone Developer";
				COPY_PHASE_STRIP = NO;
				DEBUG_INFORMATION_FORMAT = dwarf;
				ENABLE_STRICT_OBJC_MSGSEND = YES;
				ENABLE_TESTABILITY = YES;
				GCC_C_LANGUAGE_STANDARD = gnu99;
				GCC_DYNAMIC_NO_PIC = NO;
				GCC_NO_COMMON_BLOCKS = YES;
				GCC_OPTIMIZATION_LEVEL = 0;
				GCC_PREPROCESSOR_DEFINITIONS = (
					"DEBUG=1",
					"$(inherited)",
				);
				GCC_WARN_64_TO_32_BIT_CONVERSION = YES;
				GCC_WARN_ABOUT_RETURN_TYPE = YES_ERROR;
				GCC_WARN_UNDECLARED_SELECTOR = YES;
				GCC_WARN_UNINITIALIZED_AUTOS = YES_AGGRESSIVE;
				GCC_WARN_UNUSED_FUNCTION = YES;
				GCC_WARN_UNUSED_VARIABLE = YES;
				IPHONEOS_DEPLOYMENT_TARGET = 9.0;
				MTL_ENABLE_DEBUG_INFO = YES;
				ONLY_ACTIVE_ARCH = YES;
				SDKROOT = iphoneos;
				SWIFT_OPTIMIZATION_LEVEL = "-Onone";
				TARGETED_DEVICE_FAMILY = "1,2";
			};
			name = Debug;
		};
		417FC4481BC80CB50034FA79 /* Release */ = {
			isa = XCBuildConfiguration;
			buildSettings = {
				ALWAYS_SEARCH_USER_PATHS = NO;
				CLANG_CXX_LANGUAGE_STANDARD = "gnu++0x";
				CLANG_CXX_LIBRARY = "libc++";
				CLANG_ENABLE_MODULES = YES;
				CLANG_ENABLE_OBJC_ARC = YES;
				CLANG_WARN_BOOL_CONVERSION = YES;
				CLANG_WARN_CONSTANT_CONVERSION = YES;
				CLANG_WARN_DIRECT_OBJC_ISA_USAGE = YES_ERROR;
				CLANG_WARN_EMPTY_BODY = YES;
				CLANG_WARN_ENUM_CONVERSION = YES;
				CLANG_WARN_INT_CONVERSION = YES;
				CLANG_WARN_OBJC_ROOT_CLASS = YES_ERROR;
				CLANG_WARN_UNREACHABLE_CODE = YES;
				CLANG_WARN__DUPLICATE_METHOD_MATCH = YES;
				"CODE_SIGN_IDENTITY[sdk=iphoneos*]" = "iPhone Developer";
				COPY_PHASE_STRIP = NO;
				DEBUG_INFORMATION_FORMAT = "dwarf-with-dsym";
				ENABLE_NS_ASSERTIONS = NO;
				ENABLE_STRICT_OBJC_MSGSEND = YES;
				GCC_C_LANGUAGE_STANDARD = gnu99;
				GCC_NO_COMMON_BLOCKS = YES;
				GCC_WARN_64_TO_32_BIT_CONVERSION = YES;
				GCC_WARN_ABOUT_RETURN_TYPE = YES_ERROR;
				GCC_WARN_UNDECLARED_SELECTOR = YES;
				GCC_WARN_UNINITIALIZED_AUTOS = YES_AGGRESSIVE;
				GCC_WARN_UNUSED_FUNCTION = YES;
				GCC_WARN_UNUSED_VARIABLE = YES;
				IPHONEOS_DEPLOYMENT_TARGET = 9.0;
				MTL_ENABLE_DEBUG_INFO = NO;
				SDKROOT = iphoneos;
				TARGETED_DEVICE_FAMILY = "1,2";
				VALIDATE_PRODUCT = YES;
			};
			name = Release;
		};
		417FC44A1BC80CB50034FA79 /* Debug */ = {
			isa = XCBuildConfiguration;
			buildSettings = {
				ASSETCATALOG_COMPILER_APPICON_NAME = AppIcon;
				CLANG_ENABLE_MODULES = YES;
				HEADER_SEARCH_PATHS = (
					"$(inherited)",
					/Applications/Xcode.app/Contents/Developer/Toolchains/XcodeDefault.xctoolchain/usr/include,
					../../objc/,
				);
				INFOPLIST_FILE = StudioPrototype/Info.plist;
				LD_RUNPATH_SEARCH_PATHS = "$(inherited) @executable_path/Frameworks";
				LIBRARY_SEARCH_PATHS = "$(inherited)";
				OTHER_LDFLAGS = "-lstdc++";
				PRODUCT_BUNDLE_IDENTIFIER = com.bluebeam.prototype.StudioPrototype;
				PRODUCT_NAME = "$(TARGET_NAME)";
				SWIFT_OBJC_BRIDGING_HEADER = "StudioPrototype/StudioPrototype-Bridging-Header.h";
				SWIFT_OPTIMIZATION_LEVEL = "-Onone";
				USER_HEADER_SEARCH_PATHS = "\"${PROJECT_DIR}/../deps\"/**";
			};
			name = Debug;
		};
		417FC44B1BC80CB50034FA79 /* Release */ = {
			isa = XCBuildConfiguration;
			buildSettings = {
				ASSETCATALOG_COMPILER_APPICON_NAME = AppIcon;
				CLANG_ENABLE_MODULES = YES;
				HEADER_SEARCH_PATHS = (
					"$(inherited)",
					/Applications/Xcode.app/Contents/Developer/Toolchains/XcodeDefault.xctoolchain/usr/include,
					../../objc/,
				);
				INFOPLIST_FILE = StudioPrototype/Info.plist;
				LD_RUNPATH_SEARCH_PATHS = "$(inherited) @executable_path/Frameworks";
				LIBRARY_SEARCH_PATHS = "$(inherited)";
				OTHER_LDFLAGS = "-lstdc++";
				PRODUCT_BUNDLE_IDENTIFIER = com.bluebeam.prototype.StudioPrototype;
				PRODUCT_NAME = "$(TARGET_NAME)";
				SWIFT_OBJC_BRIDGING_HEADER = "StudioPrototype/StudioPrototype-Bridging-Header.h";
				USER_HEADER_SEARCH_PATHS = "\"${PROJECT_DIR}/../deps\"/**";
			};
			name = Release;
		};
		417FC44D1BC80CB50034FA79 /* Debug */ = {
			isa = XCBuildConfiguration;
			buildSettings = {
				BUNDLE_LOADER = "$(TEST_HOST)";
				INFOPLIST_FILE = StudioPrototypeTests/Info.plist;
				LD_RUNPATH_SEARCH_PATHS = "$(inherited) @executable_path/Frameworks @loader_path/Frameworks";
				PRODUCT_BUNDLE_IDENTIFIER = com.bluebeam.prototype.StudioPrototypeTests;
				PRODUCT_NAME = "$(TARGET_NAME)";
				TEST_HOST = "$(BUILT_PRODUCTS_DIR)/StudioPrototype.app/StudioPrototype";
			};
			name = Debug;
		};
		417FC44E1BC80CB50034FA79 /* Release */ = {
			isa = XCBuildConfiguration;
			buildSettings = {
				BUNDLE_LOADER = "$(TEST_HOST)";
				INFOPLIST_FILE = StudioPrototypeTests/Info.plist;
				LD_RUNPATH_SEARCH_PATHS = "$(inherited) @executable_path/Frameworks @loader_path/Frameworks";
				PRODUCT_BUNDLE_IDENTIFIER = com.bluebeam.prototype.StudioPrototypeTests;
				PRODUCT_NAME = "$(TARGET_NAME)";
				TEST_HOST = "$(BUILT_PRODUCTS_DIR)/StudioPrototype.app/StudioPrototype";
			};
			name = Release;
		};
		417FC4501BC80CB50034FA79 /* Debug */ = {
			isa = XCBuildConfiguration;
			buildSettings = {
				INFOPLIST_FILE = StudioPrototypeUITests/Info.plist;
				LD_RUNPATH_SEARCH_PATHS = "$(inherited) @executable_path/Frameworks @loader_path/Frameworks";
				PRODUCT_BUNDLE_IDENTIFIER = com.bluebeam.prototype.StudioPrototypeUITests;
				PRODUCT_NAME = "$(TARGET_NAME)";
				TEST_TARGET_NAME = StudioPrototype;
				USES_XCTRUNNER = YES;
			};
			name = Debug;
		};
		417FC4511BC80CB50034FA79 /* Release */ = {
			isa = XCBuildConfiguration;
			buildSettings = {
				INFOPLIST_FILE = StudioPrototypeUITests/Info.plist;
				LD_RUNPATH_SEARCH_PATHS = "$(inherited) @executable_path/Frameworks @loader_path/Frameworks";
				PRODUCT_BUNDLE_IDENTIFIER = com.bluebeam.prototype.StudioPrototypeUITests;
				PRODUCT_NAME = "$(TARGET_NAME)";
				TEST_TARGET_NAME = StudioPrototype;
				USES_XCTRUNNER = YES;
			};
			name = Release;
		};
/* End XCBuildConfiguration section */

/* Begin XCConfigurationList section */
		417FC41C1BC80CB40034FA79 /* Build configuration list for PBXProject "StudioPrototype" */ = {
			isa = XCConfigurationList;
			buildConfigurations = (
				417FC4471BC80CB50034FA79 /* Debug */,
				417FC4481BC80CB50034FA79 /* Release */,
			);
			defaultConfigurationIsVisible = 0;
			defaultConfigurationName = Release;
		};
		417FC4491BC80CB50034FA79 /* Build configuration list for PBXNativeTarget "StudioPrototype" */ = {
			isa = XCConfigurationList;
			buildConfigurations = (
				417FC44A1BC80CB50034FA79 /* Debug */,
				417FC44B1BC80CB50034FA79 /* Release */,
			);
			defaultConfigurationIsVisible = 0;
			defaultConfigurationName = Release;
		};
		417FC44C1BC80CB50034FA79 /* Build configuration list for PBXNativeTarget "StudioPrototypeTests" */ = {
			isa = XCConfigurationList;
			buildConfigurations = (
				417FC44D1BC80CB50034FA79 /* Debug */,
				417FC44E1BC80CB50034FA79 /* Release */,
			);
			defaultConfigurationIsVisible = 0;
			defaultConfigurationName = Release;
		};
		417FC44F1BC80CB50034FA79 /* Build configuration list for PBXNativeTarget "StudioPrototypeUITests" */ = {
			isa = XCConfigurationList;
			buildConfigurations = (
				417FC4501BC80CB50034FA79 /* Debug */,
				417FC4511BC80CB50034FA79 /* Release */,
			);
			defaultConfigurationIsVisible = 0;
			defaultConfigurationName = Release;
		};
/* End XCConfigurationList section */
	};
	rootObject = 417FC4191BC80CB40034FA79 /* Project object */;
}
